<?xml version="1.0" encoding="utf-8"?>
<Project ToolsVersion="4.0" xmlns="http://schemas.microsoft.com/developer/msbuild/2003">
  <ItemGroup>
    <ClCompile Include="src\Windows\Input.cpp">
      <Filter>Source Files\Windows</Filter>
    </ClCompile>
    <ClCompile Include="src\Linux\Input.cpp">
      <Filter>Source Files\Linux</Filter>
    </ClCompile>
  </ItemGroup>
  <ItemGroup>
    <Filter Include="Header Files">
      <UniqueIdentifier>{c4587baa-0be2-486c-92ab-467c157c56e0}</UniqueIdentifier>
    </Filter>
    <Filter Include="Source Files">
      <UniqueIdentifier>{6e221d85-096e-454e-af22-d88fb5fe08b3}</UniqueIdentifier>
    </Filter>
    <Filter Include="Source Files\Windows">
      <UniqueIdentifier>{64d2b026-f253-4b00-afb4-3ac30c8fc58b}</UniqueIdentifier>
    </Filter>
    <Filter Include="Source Files\Linux">
      <UniqueIdentifier>{5782f9b0-b40a-4119-9b70-b94fa72cd99b}</UniqueIdentifier>
    </Filter>
  </ItemGroup>
  <ItemGroup>
    <ClInclude Include="inc\Input.h">
      <Filter>Header Files</Filter>
    </ClInclude>
  </ItemGroup>
</Project>